
Microsoft Visual Studio Solution File, Format Version 12.00
# Visual Studio 2013
VisualStudioVersion = 12.0.21005.1
MinimumVisualStudioVersion = 10.0.40219.1
Project("{FAE04EC0-301F-11D3-BF4B-00C04F79EFBC}") = "Ex2", "Ex2\Ex2.csproj", "{705CE9B2-25DA-4E63-B18D-40704AC3E75D}"
EndProject
Global
	GlobalSection(SolutionConfigurationPlatforms) = preSolution
		Debug|Any CPU = Debug|Any CPU
		Release|Any CPU = Release|Any CPU
	EndGlobalSection
	GlobalSection(ProjectConfigurationPlatforms) = postSolution
		{705CE9B2-25DA-4E63-B18D-40704AC3E75D}.Debug|Any CPU.ActiveCfg = Debug|Any CPU
		{705CE9B2-25DA-4E63-B18D-40704AC3E75D}.Debug|Any CPU.Build.0 = Debug|Any CPU
		{705CE9B2-25DA-4E63-B18D-40704AC3E75D}.Release|Any CPU.ActiveCfg = Release|Any CPU
		{705CE9B2-25DA-4E63-B18D-40704AC3E75D}.Release|Any CPU.Build.0 = Release|Any CPU
	EndGlobalSection
	GlobalSection(SolutionProperties) = preSolution
		HideSolutionNode = FALSE
	EndGlobalSection
EndGlobal
