
Microsoft Visual Studio Solution File, Format Version 12.00
# Visual Studio 15
VisualStudioVersion = 15.0.26730.8
MinimumVisualStudioVersion = 10.0.40219.1
Project("{FAE04EC0-301F-11D3-BF4B-00C04F79EFBC}") = "Star Name", "Star Name\Star Name.csproj", "{0CFCA695-D443-4462-B2BF-60286058E162}"
EndProject
Global
	GlobalSection(SolutionConfigurationPlatforms) = preSolution
		Debug|Any CPU = Debug|Any CPU
		Release|Any CPU = Release|Any CPU
	EndGlobalSection
	GlobalSection(ProjectConfigurationPlatforms) = postSolution
		{0CFCA695-D443-4462-B2BF-60286058E162}.Debug|Any CPU.ActiveCfg = Debug|Any CPU
		{0CFCA695-D443-4462-B2BF-60286058E162}.Debug|Any CPU.Build.0 = Debug|Any CPU
		{0CFCA695-D443-4462-B2BF-60286058E162}.Release|Any CPU.ActiveCfg = Release|Any CPU
		{0CFCA695-D443-4462-B2BF-60286058E162}.Release|Any CPU.Build.0 = Release|Any CPU
	EndGlobalSection
	GlobalSection(SolutionProperties) = preSolution
		HideSolutionNode = FALSE
	EndGlobalSection
	GlobalSection(ExtensibilityGlobals) = postSolution
		SolutionGuid = {817D7FF8-6007-4B16-9BDA-CD6C534D6CED}
	EndGlobalSection
EndGlobal
