
Microsoft Visual Studio Solution File, Format Version 12.00
# Visual Studio 15
VisualStudioVersion = 15.0.26730.8
MinimumVisualStudioVersion = 10.0.40219.1
Project("{FAE04EC0-301F-11D3-BF4B-00C04F79EFBC}") = "Page1-Ex1", "Page1-Ex1\Page1-Ex1.csproj", "{89F0D867-DA64-4FFF-9737-9A807D34779D}"
EndProject
Global
	GlobalSection(SolutionConfigurationPlatforms) = preSolution
		Debug|Any CPU = Debug|Any CPU
		Release|Any CPU = Release|Any CPU
	EndGlobalSection
	GlobalSection(ProjectConfigurationPlatforms) = postSolution
		{89F0D867-DA64-4FFF-9737-9A807D34779D}.Debug|Any CPU.ActiveCfg = Debug|Any CPU
		{89F0D867-DA64-4FFF-9737-9A807D34779D}.Debug|Any CPU.Build.0 = Debug|Any CPU
		{89F0D867-DA64-4FFF-9737-9A807D34779D}.Release|Any CPU.ActiveCfg = Release|Any CPU
		{89F0D867-DA64-4FFF-9737-9A807D34779D}.Release|Any CPU.Build.0 = Release|Any CPU
	EndGlobalSection
	GlobalSection(SolutionProperties) = preSolution
		HideSolutionNode = FALSE
	EndGlobalSection
	GlobalSection(ExtensibilityGlobals) = postSolution
		SolutionGuid = {EED20EFA-9546-410F-94BB-370A6CABC0B6}
	EndGlobalSection
EndGlobal
