
Microsoft Visual Studio Solution File, Format Version 12.00
# Visual Studio 14
VisualStudioVersion = 14.0.25420.1
MinimumVisualStudioVersion = 10.0.40219.1
Project("{FAE04EC0-301F-11D3-BF4B-00C04F79EFBC}") = "Ex6", "Ex6\Ex6.csproj", "{149C5AEA-447C-4034-91FF-16E74EED6DC6}"
EndProject
Global
	GlobalSection(SolutionConfigurationPlatforms) = preSolution
		Debug|Any CPU = Debug|Any CPU
		Release|Any CPU = Release|Any CPU
	EndGlobalSection
	GlobalSection(ProjectConfigurationPlatforms) = postSolution
		{149C5AEA-447C-4034-91FF-16E74EED6DC6}.Debug|Any CPU.ActiveCfg = Debug|Any CPU
		{149C5AEA-447C-4034-91FF-16E74EED6DC6}.Debug|Any CPU.Build.0 = Debug|Any CPU
		{149C5AEA-447C-4034-91FF-16E74EED6DC6}.Release|Any CPU.ActiveCfg = Release|Any CPU
		{149C5AEA-447C-4034-91FF-16E74EED6DC6}.Release|Any CPU.Build.0 = Release|Any CPU
	EndGlobalSection
	GlobalSection(SolutionProperties) = preSolution
		HideSolutionNode = FALSE
	EndGlobalSection
EndGlobal
