
Microsoft Visual Studio Solution File, Format Version 12.00
# Visual Studio 15
VisualStudioVersion = 15.0.26730.8
MinimumVisualStudioVersion = 10.0.40219.1
Project("{FAE04EC0-301F-11D3-BF4B-00C04F79EFBC}") = "Page1-Ex3", "Page1-Ex3\Page1-Ex3.csproj", "{D40B4FC7-22D9-4F7F-A6ED-22265F72CCED}"
EndProject
Global
	GlobalSection(SolutionConfigurationPlatforms) = preSolution
		Debug|Any CPU = Debug|Any CPU
		Release|Any CPU = Release|Any CPU
	EndGlobalSection
	GlobalSection(ProjectConfigurationPlatforms) = postSolution
		{D40B4FC7-22D9-4F7F-A6ED-22265F72CCED}.Debug|Any CPU.ActiveCfg = Debug|Any CPU
		{D40B4FC7-22D9-4F7F-A6ED-22265F72CCED}.Debug|Any CPU.Build.0 = Debug|Any CPU
		{D40B4FC7-22D9-4F7F-A6ED-22265F72CCED}.Release|Any CPU.ActiveCfg = Release|Any CPU
		{D40B4FC7-22D9-4F7F-A6ED-22265F72CCED}.Release|Any CPU.Build.0 = Release|Any CPU
	EndGlobalSection
	GlobalSection(SolutionProperties) = preSolution
		HideSolutionNode = FALSE
	EndGlobalSection
	GlobalSection(ExtensibilityGlobals) = postSolution
		SolutionGuid = {3629822D-7FF4-4A60-954A-44CD5921D222}
	EndGlobalSection
EndGlobal
